
Microsoft Visual Studio Solution File, Format Version 12.00
# Visual Studio 15
Project("{FAE04EC0-301F-11D3-BF4B-00C04F79EFBC}") = "FluentLayoutSample.Android", "FluentLayoutSample.Android\FluentLayoutSample.Android.csproj", "{0763C616-8015-48A3-ACBD-49497524644A}"
EndProject
Project("{FAE04EC0-301F-11D3-BF4B-00C04F79EFBC}") = "FluentLayoutSample.iOS", "FluentLayoutSample.iOS\FluentLayoutSample.iOS.csproj", "{D529972F-9E3C-4D8E-A83A-3442C19F504C}"
EndProject
Project("{FAE04EC0-301F-11D3-BF4B-00C04F79EFBC}") = "FluentLayoutSample", "FluentLayoutSample\FluentLayoutSample.csproj", "{F4016183-5FA1-4450-B1FC-23049FA233A4}"
EndProject
Project("{2150E333-8FDC-42A3-9474-1A3956D46DE8}") = "lib", "lib", "{D853CFA5-BC1F-4698-896C-ACF1156E7513}"
EndProject
Project("{FAE04EC0-301F-11D3-BF4B-00C04F79EFBC}") = "FluentLayout", "lib\FluentLayout\FluentLayout.csproj", "{B6114575-AA5D-4275-94D4-84D338FF1B9A}"
EndProject
Project("{2150E333-8FDC-42A3-9474-1A3956D46DE8}") = "gen", "gen", "{A7C88926-1C55-4662-8294-2C54B65D2BBB}"
EndProject
Project("{FAE04EC0-301F-11D3-BF4B-00C04F79EFBC}") = "FluentCodegen", "gen\FluentCodegen\FluentCodegen.csproj", "{2477A684-0BED-48EE-AABF-5F858E283E7D}"
EndProject
Project("{FAE04EC0-301F-11D3-BF4B-00C04F79EFBC}") = "FluentLayoutTests", "lib\FluentLayoutTests\FluentLayoutTests.csproj", "{8F64DEBB-896C-4F8B-B188-C5BAAC607D40}"
EndProject
Global
	GlobalSection(SolutionConfigurationPlatforms) = preSolution
		Debug|Any CPU = Debug|Any CPU
		Release|Any CPU = Release|Any CPU
		Debug|iPhoneSimulator = Debug|iPhoneSimulator
		Release|iPhoneSimulator = Release|iPhoneSimulator
		Debug|iPhone = Debug|iPhone
		Release|iPhone = Release|iPhone
		Ad-Hoc|iPhone = Ad-Hoc|iPhone
		AppStore|iPhone = AppStore|iPhone
	EndGlobalSection
	GlobalSection(ProjectConfigurationPlatforms) = postSolution
		{0763C616-8015-48A3-ACBD-49497524644A}.Debug|Any CPU.ActiveCfg = Debug|Any CPU
		{0763C616-8015-48A3-ACBD-49497524644A}.Debug|Any CPU.Build.0 = Debug|Any CPU
		{0763C616-8015-48A3-ACBD-49497524644A}.Release|Any CPU.ActiveCfg = Release|Any CPU
		{0763C616-8015-48A3-ACBD-49497524644A}.Release|Any CPU.Build.0 = Release|Any CPU
		{0763C616-8015-48A3-ACBD-49497524644A}.Debug|iPhoneSimulator.ActiveCfg = Debug|Any CPU
		{0763C616-8015-48A3-ACBD-49497524644A}.Debug|iPhoneSimulator.Build.0 = Debug|Any CPU
		{0763C616-8015-48A3-ACBD-49497524644A}.Release|iPhoneSimulator.ActiveCfg = Release|Any CPU
		{0763C616-8015-48A3-ACBD-49497524644A}.Release|iPhoneSimulator.Build.0 = Release|Any CPU
		{0763C616-8015-48A3-ACBD-49497524644A}.Debug|iPhone.ActiveCfg = Debug|Any CPU
		{0763C616-8015-48A3-ACBD-49497524644A}.Debug|iPhone.Build.0 = Debug|Any CPU
		{0763C616-8015-48A3-ACBD-49497524644A}.Release|iPhone.ActiveCfg = Release|Any CPU
		{0763C616-8015-48A3-ACBD-49497524644A}.Release|iPhone.Build.0 = Release|Any CPU
		{0763C616-8015-48A3-ACBD-49497524644A}.Ad-Hoc|iPhone.ActiveCfg = Debug|Any CPU
		{0763C616-8015-48A3-ACBD-49497524644A}.Ad-Hoc|iPhone.Build.0 = Debug|Any CPU
		{0763C616-8015-48A3-ACBD-49497524644A}.AppStore|iPhone.ActiveCfg = Debug|Any CPU
		{0763C616-8015-48A3-ACBD-49497524644A}.AppStore|iPhone.Build.0 = Debug|Any CPU
		{D529972F-9E3C-4D8E-A83A-3442C19F504C}.Debug|Any CPU.ActiveCfg = Debug|iPhoneSimulator
		{D529972F-9E3C-4D8E-A83A-3442C19F504C}.Debug|Any CPU.Build.0 = Debug|iPhoneSimulator
		{D529972F-9E3C-4D8E-A83A-3442C19F504C}.Release|Any CPU.ActiveCfg = Release|iPhoneSimulator
		{D529972F-9E3C-4D8E-A83A-3442C19F504C}.Release|Any CPU.Build.0 = Release|iPhoneSimulator
		{D529972F-9E3C-4D8E-A83A-3442C19F504C}.Debug|iPhoneSimulator.ActiveCfg = Debug|iPhoneSimulator
		{D529972F-9E3C-4D8E-A83A-3442C19F504C}.Debug|iPhoneSimulator.Build.0 = Debug|iPhoneSimulator
		{D529972F-9E3C-4D8E-A83A-3442C19F504C}.Release|iPhoneSimulator.ActiveCfg = Release|iPhoneSimulator
		{D529972F-9E3C-4D8E-A83A-3442C19F504C}.Release|iPhoneSimulator.Build.0 = Release|iPhoneSimulator
		{D529972F-9E3C-4D8E-A83A-3442C19F504C}.Debug|iPhone.ActiveCfg = Debug|iPhone
		{D529972F-9E3C-4D8E-A83A-3442C19F504C}.Debug|iPhone.Build.0 = Debug|iPhone
		{D529972F-9E3C-4D8E-A83A-3442C19F504C}.Release|iPhone.ActiveCfg = Release|iPhone
		{D529972F-9E3C-4D8E-A83A-3442C19F504C}.Release|iPhone.Build.0 = Release|iPhone
		{D529972F-9E3C-4D8E-A83A-3442C19F504C}.Ad-Hoc|iPhone.ActiveCfg = Ad-Hoc|iPhone
		{D529972F-9E3C-4D8E-A83A-3442C19F504C}.Ad-Hoc|iPhone.Build.0 = Ad-Hoc|iPhone
		{D529972F-9E3C-4D8E-A83A-3442C19F504C}.AppStore|iPhone.ActiveCfg = AppStore|iPhone
		{D529972F-9E3C-4D8E-A83A-3442C19F504C}.AppStore|iPhone.Build.0 = AppStore|iPhone
		{F4016183-5FA1-4450-B1FC-23049FA233A4}.Debug|Any CPU.ActiveCfg = Debug|Any CPU
		{F4016183-5FA1-4450-B1FC-23049FA233A4}.Debug|Any CPU.Build.0 = Debug|Any CPU
		{F4016183-5FA1-4450-B1FC-23049FA233A4}.Release|Any CPU.ActiveCfg = Release|Any CPU
		{F4016183-5FA1-4450-B1FC-23049FA233A4}.Release|Any CPU.Build.0 = Release|Any CPU
		{F4016183-5FA1-4450-B1FC-23049FA233A4}.Debug|iPhoneSimulator.ActiveCfg = Debug|Any CPU
		{F4016183-5FA1-4450-B1FC-23049FA233A4}.Debug|iPhoneSimulator.Build.0 = Debug|Any CPU
		{F4016183-5FA1-4450-B1FC-23049FA233A4}.Release|iPhoneSimulator.ActiveCfg = Release|Any CPU
		{F4016183-5FA1-4450-B1FC-23049FA233A4}.Release|iPhoneSimulator.Build.0 = Release|Any CPU
		{F4016183-5FA1-4450-B1FC-23049FA233A4}.Debug|iPhone.ActiveCfg = Debug|Any CPU
		{F4016183-5FA1-4450-B1FC-23049FA233A4}.Debug|iPhone.Build.0 = Debug|Any CPU
		{F4016183-5FA1-4450-B1FC-23049FA233A4}.Release|iPhone.ActiveCfg = Release|Any CPU
		{F4016183-5FA1-4450-B1FC-23049FA233A4}.Release|iPhone.Build.0 = Release|Any CPU
		{F4016183-5FA1-4450-B1FC-23049FA233A4}.Ad-Hoc|iPhone.ActiveCfg = Debug|Any CPU
		{F4016183-5FA1-4450-B1FC-23049FA233A4}.Ad-Hoc|iPhone.Build.0 = Debug|Any CPU
		{F4016183-5FA1-4450-B1FC-23049FA233A4}.AppStore|iPhone.ActiveCfg = Debug|Any CPU
		{F4016183-5FA1-4450-B1FC-23049FA233A4}.AppStore|iPhone.Build.0 = Debug|Any CPU
		{B6114575-AA5D-4275-94D4-84D338FF1B9A}.Debug|Any CPU.ActiveCfg = Debug|Any CPU
		{B6114575-AA5D-4275-94D4-84D338FF1B9A}.Debug|Any CPU.Build.0 = Debug|Any CPU
		{B6114575-AA5D-4275-94D4-84D338FF1B9A}.Release|Any CPU.ActiveCfg = Release|Any CPU
		{B6114575-AA5D-4275-94D4-84D338FF1B9A}.Release|Any CPU.Build.0 = Release|Any CPU
		{B6114575-AA5D-4275-94D4-84D338FF1B9A}.Debug|iPhoneSimulator.ActiveCfg = Debug|Any CPU
		{B6114575-AA5D-4275-94D4-84D338FF1B9A}.Debug|iPhoneSimulator.Build.0 = Debug|Any CPU
		{B6114575-AA5D-4275-94D4-84D338FF1B9A}.Release|iPhoneSimulator.ActiveCfg = Release|Any CPU
		{B6114575-AA5D-4275-94D4-84D338FF1B9A}.Release|iPhoneSimulator.Build.0 = Release|Any CPU
		{B6114575-AA5D-4275-94D4-84D338FF1B9A}.Debug|iPhone.ActiveCfg = Debug|Any CPU
		{B6114575-AA5D-4275-94D4-84D338FF1B9A}.Debug|iPhone.Build.0 = Debug|Any CPU
		{B6114575-AA5D-4275-94D4-84D338FF1B9A}.Release|iPhone.ActiveCfg = Release|Any CPU
		{B6114575-AA5D-4275-94D4-84D338FF1B9A}.Release|iPhone.Build.0 = Release|Any CPU
		{B6114575-AA5D-4275-94D4-84D338FF1B9A}.Ad-Hoc|iPhone.ActiveCfg = Release|Any CPU
		{B6114575-AA5D-4275-94D4-84D338FF1B9A}.Ad-Hoc|iPhone.Build.0 = Release|Any CPU
		{B6114575-AA5D-4275-94D4-84D338FF1B9A}.AppStore|iPhone.ActiveCfg = Release|Any CPU
		{B6114575-AA5D-4275-94D4-84D338FF1B9A}.AppStore|iPhone.Build.0 = Release|Any CPU
		{2477A684-0BED-48EE-AABF-5F858E283E7D}.Debug|Any CPU.ActiveCfg = Debug|Any CPU
		{2477A684-0BED-48EE-AABF-5F858E283E7D}.Debug|Any CPU.Build.0 = Debug|Any CPU
		{2477A684-0BED-48EE-AABF-5F858E283E7D}.Release|Any CPU.ActiveCfg = Release|Any CPU
		{2477A684-0BED-48EE-AABF-5F858E283E7D}.Release|Any CPU.Build.0 = Release|Any CPU
		{2477A684-0BED-48EE-AABF-5F858E283E7D}.Debug|iPhoneSimulator.ActiveCfg = Debug|Any CPU
		{2477A684-0BED-48EE-AABF-5F858E283E7D}.Debug|iPhoneSimulator.Build.0 = Debug|Any CPU
		{2477A684-0BED-48EE-AABF-5F858E283E7D}.Release|iPhoneSimulator.ActiveCfg = Release|Any CPU
		{2477A684-0BED-48EE-AABF-5F858E283E7D}.Release|iPhoneSimulator.Build.0 = Release|Any CPU
		{2477A684-0BED-48EE-AABF-5F858E283E7D}.Debug|iPhone.ActiveCfg = Debug|Any CPU
		{2477A684-0BED-48EE-AABF-5F858E283E7D}.Debug|iPhone.Build.0 = Debug|Any CPU
		{2477A684-0BED-48EE-AABF-5F858E283E7D}.Release|iPhone.ActiveCfg = Release|Any CPU
		{2477A684-0BED-48EE-AABF-5F858E283E7D}.Release|iPhone.Build.0 = Release|Any CPU
		{2477A684-0BED-48EE-AABF-5F858E283E7D}.Ad-Hoc|iPhone.ActiveCfg = Release|Any CPU
		{2477A684-0BED-48EE-AABF-5F858E283E7D}.Ad-Hoc|iPhone.Build.0 = Release|Any CPU
		{2477A684-0BED-48EE-AABF-5F858E283E7D}.AppStore|iPhone.ActiveCfg = Release|Any CPU
		{2477A684-0BED-48EE-AABF-5F858E283E7D}.AppStore|iPhone.Build.0 = Release|Any CPU
		{8F64DEBB-896C-4F8B-B188-C5BAAC607D40}.Debug|Any CPU.ActiveCfg = Debug|Any CPU
		{8F64DEBB-896C-4F8B-B188-C5BAAC607D40}.Debug|Any CPU.Build.0 = Debug|Any CPU
		{8F64DEBB-896C-4F8B-B188-C5BAAC607D40}.Release|Any CPU.ActiveCfg = Release|Any CPU
		{8F64DEBB-896C-4F8B-B188-C5BAAC607D40}.Release|Any CPU.Build.0 = Release|Any CPU
		{8F64DEBB-896C-4F8B-B188-C5BAAC607D40}.Debug|iPhoneSimulator.ActiveCfg = Debug|Any CPU
		{8F64DEBB-896C-4F8B-B188-C5BAAC607D40}.Debug|iPhoneSimulator.Build.0 = Debug|Any CPU
		{8F64DEBB-896C-4F8B-B188-C5BAAC607D40}.Release|iPhoneSimulator.ActiveCfg = Release|Any CPU
		{8F64DEBB-896C-4F8B-B188-C5BAAC607D40}.Release|iPhoneSimulator.Build.0 = Release|Any CPU
		{8F64DEBB-896C-4F8B-B188-C5BAAC607D40}.Debug|iPhone.ActiveCfg = Debug|Any CPU
		{8F64DEBB-896C-4F8B-B188-C5BAAC607D40}.Debug|iPhone.Build.0 = Debug|Any CPU
		{8F64DEBB-896C-4F8B-B188-C5BAAC607D40}.Release|iPhone.ActiveCfg = Release|Any CPU
		{8F64DEBB-896C-4F8B-B188-C5BAAC607D40}.Release|iPhone.Build.0 = Release|Any CPU
		{8F64DEBB-896C-4F8B-B188-C5BAAC607D40}.Ad-Hoc|iPhone.ActiveCfg = Release|Any CPU
		{8F64DEBB-896C-4F8B-B188-C5BAAC607D40}.Ad-Hoc|iPhone.Build.0 = Release|Any CPU
		{8F64DEBB-896C-4F8B-B188-C5BAAC607D40}.AppStore|iPhone.ActiveCfg = Release|Any CPU
		{8F64DEBB-896C-4F8B-B188-C5BAAC607D40}.AppStore|iPhone.Build.0 = Release|Any CPU
	EndGlobalSection
	GlobalSection(NestedProjects) = preSolution
		{B6114575-AA5D-4275-94D4-84D338FF1B9A} = {D853CFA5-BC1F-4698-896C-ACF1156E7513}
		{2477A684-0BED-48EE-AABF-5F858E283E7D} = {A7C88926-1C55-4662-8294-2C54B65D2BBB}
		{8F64DEBB-896C-4F8B-B188-C5BAAC607D40} = {D853CFA5-BC1F-4698-896C-ACF1156E7513}
	EndGlobalSection
EndGlobal
